
Microsoft Visual Studio Solution File, Format Version 12.00
# Visual Studio Version 17
VisualStudioVersion = 17.0.32014.148
MinimumVisualStudioVersion = 10.0.40219.1
Project("{FAE04EC0-301F-11D3-BF4B-00C04F79EFBC}") = "react lek 1", "react lek 1\react lek 1.csproj", "{1F33621F-1A16-4DDA-8B88-99E6DD698481}"
EndProject
Global
	GlobalSection(SolutionConfigurationPlatforms) = preSolution
		Debug|Any CPU = Debug|Any CPU
		Release|Any CPU = Release|Any CPU
	EndGlobalSection
	GlobalSection(ProjectConfigurationPlatforms) = postSolution
		{1F33621F-1A16-4DDA-8B88-99E6DD698481}.Debug|Any CPU.ActiveCfg = Debug|Any CPU
		{1F33621F-1A16-4DDA-8B88-99E6DD698481}.Debug|Any CPU.Build.0 = Debug|Any CPU
		{1F33621F-1A16-4DDA-8B88-99E6DD698481}.Release|Any CPU.ActiveCfg = Release|Any CPU
		{1F33621F-1A16-4DDA-8B88-99E6DD698481}.Release|Any CPU.Build.0 = Release|Any CPU
	EndGlobalSection
	GlobalSection(SolutionProperties) = preSolution
		HideSolutionNode = FALSE
	EndGlobalSection
	GlobalSection(ExtensibilityGlobals) = postSolution
		SolutionGuid = {DDF11122-1DA3-4405-A500-4DA60E5F8DD4}
	EndGlobalSection
EndGlobal
