
Microsoft Visual Studio Solution File, Format Version 12.00
# Visual Studio Version 17
VisualStudioVersion = 17.0.32014.148
MinimumVisualStudioVersion = 10.0.40219.1
Project("{FAE04EC0-301F-11D3-BF4B-00C04F79EFBC}") = "rx_srs2", "rx_srs2\rx_srs2.csproj", "{3F12F2C3-A2DA-4528-9E07-47EDD1E4E9A8}"
EndProject
Global
	GlobalSection(SolutionConfigurationPlatforms) = preSolution
		Debug|Any CPU = Debug|Any CPU
		Release|Any CPU = Release|Any CPU
	EndGlobalSection
	GlobalSection(ProjectConfigurationPlatforms) = postSolution
		{3F12F2C3-A2DA-4528-9E07-47EDD1E4E9A8}.Debug|Any CPU.ActiveCfg = Debug|Any CPU
		{3F12F2C3-A2DA-4528-9E07-47EDD1E4E9A8}.Debug|Any CPU.Build.0 = Debug|Any CPU
		{3F12F2C3-A2DA-4528-9E07-47EDD1E4E9A8}.Release|Any CPU.ActiveCfg = Release|Any CPU
		{3F12F2C3-A2DA-4528-9E07-47EDD1E4E9A8}.Release|Any CPU.Build.0 = Release|Any CPU
	EndGlobalSection
	GlobalSection(SolutionProperties) = preSolution
		HideSolutionNode = FALSE
	EndGlobalSection
	GlobalSection(ExtensibilityGlobals) = postSolution
		SolutionGuid = {E114A334-A120-4E20-AC16-35013B4B6C3B}
	EndGlobalSection
EndGlobal
