
Microsoft Visual Studio Solution File, Format Version 12.00
# Visual Studio Version 17
VisualStudioVersion = 17.0.32014.148
MinimumVisualStudioVersion = 10.0.40219.1
Project("{FAE04EC0-301F-11D3-BF4B-00C04F79EFBC}") = "ConsoleApp2", "ConsoleApp2\ConsoleApp2.csproj", "{651F7F0B-96B6-4662-A0D5-4B3FDA91D1E9}"
EndProject
Global
	GlobalSection(SolutionConfigurationPlatforms) = preSolution
		Debug|Any CPU = Debug|Any CPU
		Release|Any CPU = Release|Any CPU
	EndGlobalSection
	GlobalSection(ProjectConfigurationPlatforms) = postSolution
		{651F7F0B-96B6-4662-A0D5-4B3FDA91D1E9}.Debug|Any CPU.ActiveCfg = Debug|Any CPU
		{651F7F0B-96B6-4662-A0D5-4B3FDA91D1E9}.Debug|Any CPU.Build.0 = Debug|Any CPU
		{651F7F0B-96B6-4662-A0D5-4B3FDA91D1E9}.Release|Any CPU.ActiveCfg = Release|Any CPU
		{651F7F0B-96B6-4662-A0D5-4B3FDA91D1E9}.Release|Any CPU.Build.0 = Release|Any CPU
	EndGlobalSection
	GlobalSection(SolutionProperties) = preSolution
		HideSolutionNode = FALSE
	EndGlobalSection
	GlobalSection(ExtensibilityGlobals) = postSolution
		SolutionGuid = {8885D6C0-2A22-49F7-954C-817E1E48BF3D}
	EndGlobalSection
EndGlobal
