
Microsoft Visual Studio Solution File, Format Version 12.00
# Visual Studio Version 17
VisualStudioVersion = 17.0.32014.148
MinimumVisualStudioVersion = 10.0.40219.1
Project("{FAE04EC0-301F-11D3-BF4B-00C04F79EFBC}") = "agyny bar labka", "agyny bar labka\agyny bar labka.csproj", "{16204B49-2FD0-406E-AE38-3595B92B7000}"
EndProject
Global
	GlobalSection(SolutionConfigurationPlatforms) = preSolution
		Debug|Any CPU = Debug|Any CPU
		Release|Any CPU = Release|Any CPU
	EndGlobalSection
	GlobalSection(ProjectConfigurationPlatforms) = postSolution
		{16204B49-2FD0-406E-AE38-3595B92B7000}.Debug|Any CPU.ActiveCfg = Debug|Any CPU
		{16204B49-2FD0-406E-AE38-3595B92B7000}.Debug|Any CPU.Build.0 = Debug|Any CPU
		{16204B49-2FD0-406E-AE38-3595B92B7000}.Release|Any CPU.ActiveCfg = Release|Any CPU
		{16204B49-2FD0-406E-AE38-3595B92B7000}.Release|Any CPU.Build.0 = Release|Any CPU
	EndGlobalSection
	GlobalSection(SolutionProperties) = preSolution
		HideSolutionNode = FALSE
	EndGlobalSection
	GlobalSection(ExtensibilityGlobals) = postSolution
		SolutionGuid = {4C1B7DBE-642A-497B-84CF-8BC36F46D98E}
	EndGlobalSection
EndGlobal
