
Microsoft Visual Studio Solution File, Format Version 12.00
# Visual Studio Version 17
VisualStudioVersion = 17.0.32014.148
MinimumVisualStudioVersion = 10.0.40219.1
Project("{FAE04EC0-301F-11D3-BF4B-00C04F79EFBC}") = "rx0", "rx0\rx0.csproj", "{2A0FC4DE-BC32-486C-B0F9-EEF79A550141}"
EndProject
Global
	GlobalSection(SolutionConfigurationPlatforms) = preSolution
		Debug|Any CPU = Debug|Any CPU
		Release|Any CPU = Release|Any CPU
	EndGlobalSection
	GlobalSection(ProjectConfigurationPlatforms) = postSolution
		{2A0FC4DE-BC32-486C-B0F9-EEF79A550141}.Debug|Any CPU.ActiveCfg = Debug|Any CPU
		{2A0FC4DE-BC32-486C-B0F9-EEF79A550141}.Debug|Any CPU.Build.0 = Debug|Any CPU
		{2A0FC4DE-BC32-486C-B0F9-EEF79A550141}.Release|Any CPU.ActiveCfg = Release|Any CPU
		{2A0FC4DE-BC32-486C-B0F9-EEF79A550141}.Release|Any CPU.Build.0 = Release|Any CPU
	EndGlobalSection
	GlobalSection(SolutionProperties) = preSolution
		HideSolutionNode = FALSE
	EndGlobalSection
	GlobalSection(ExtensibilityGlobals) = postSolution
		SolutionGuid = {6BA3EE06-90D2-4FBD-AF88-864105AE7AD3}
	EndGlobalSection
EndGlobal
