
Microsoft Visual Studio Solution File, Format Version 12.00
# Visual Studio Version 17
VisualStudioVersion = 17.0.32014.148
MinimumVisualStudioVersion = 10.0.40219.1
Project("{FAE04EC0-301F-11D3-BF4B-00C04F79EFBC}") = "rx5", "rx5\rx5.csproj", "{021679E3-D2D6-4C67-8373-24D67486CCD3}"
EndProject
Global
	GlobalSection(SolutionConfigurationPlatforms) = preSolution
		Debug|Any CPU = Debug|Any CPU
		Release|Any CPU = Release|Any CPU
	EndGlobalSection
	GlobalSection(ProjectConfigurationPlatforms) = postSolution
		{021679E3-D2D6-4C67-8373-24D67486CCD3}.Debug|Any CPU.ActiveCfg = Debug|Any CPU
		{021679E3-D2D6-4C67-8373-24D67486CCD3}.Debug|Any CPU.Build.0 = Debug|Any CPU
		{021679E3-D2D6-4C67-8373-24D67486CCD3}.Release|Any CPU.ActiveCfg = Release|Any CPU
		{021679E3-D2D6-4C67-8373-24D67486CCD3}.Release|Any CPU.Build.0 = Release|Any CPU
	EndGlobalSection
	GlobalSection(SolutionProperties) = preSolution
		HideSolutionNode = FALSE
	EndGlobalSection
	GlobalSection(ExtensibilityGlobals) = postSolution
		SolutionGuid = {1F8C6D06-B068-4A31-B285-ABF54039AD29}
	EndGlobalSection
EndGlobal
