
Microsoft Visual Studio Solution File, Format Version 12.00
# Visual Studio Version 17
VisualStudioVersion = 17.0.32014.148
MinimumVisualStudioVersion = 10.0.40219.1
Project("{FAE04EC0-301F-11D3-BF4B-00C04F79EFBC}") = "lab1_2sem", "lab1_2sem\lab1_2sem.csproj", "{25B447AE-D6A8-4972-98B9-CD86271687F6}"
EndProject
Global
	GlobalSection(SolutionConfigurationPlatforms) = preSolution
		Debug|Any CPU = Debug|Any CPU
		Release|Any CPU = Release|Any CPU
	EndGlobalSection
	GlobalSection(ProjectConfigurationPlatforms) = postSolution
		{25B447AE-D6A8-4972-98B9-CD86271687F6}.Debug|Any CPU.ActiveCfg = Debug|Any CPU
		{25B447AE-D6A8-4972-98B9-CD86271687F6}.Debug|Any CPU.Build.0 = Debug|Any CPU
		{25B447AE-D6A8-4972-98B9-CD86271687F6}.Release|Any CPU.ActiveCfg = Release|Any CPU
		{25B447AE-D6A8-4972-98B9-CD86271687F6}.Release|Any CPU.Build.0 = Release|Any CPU
	EndGlobalSection
	GlobalSection(SolutionProperties) = preSolution
		HideSolutionNode = FALSE
	EndGlobalSection
	GlobalSection(ExtensibilityGlobals) = postSolution
		SolutionGuid = {FC5DE830-15DA-47EB-B9E5-BF67488BD3E4}
	EndGlobalSection
EndGlobal
