
Microsoft Visual Studio Solution File, Format Version 12.00
# Visual Studio Version 17
VisualStudioVersion = 17.0.32014.148
MinimumVisualStudioVersion = 10.0.40219.1
Project("{FAE04EC0-301F-11D3-BF4B-00C04F79EFBC}") = "potok_4lab", "potok_4lab\potok_4lab.csproj", "{4BF27D1B-98FC-4E95-ABA9-A611AADB7FFD}"
EndProject
Global
	GlobalSection(SolutionConfigurationPlatforms) = preSolution
		Debug|Any CPU = Debug|Any CPU
		Release|Any CPU = Release|Any CPU
	EndGlobalSection
	GlobalSection(ProjectConfigurationPlatforms) = postSolution
		{4BF27D1B-98FC-4E95-ABA9-A611AADB7FFD}.Debug|Any CPU.ActiveCfg = Debug|Any CPU
		{4BF27D1B-98FC-4E95-ABA9-A611AADB7FFD}.Debug|Any CPU.Build.0 = Debug|Any CPU
		{4BF27D1B-98FC-4E95-ABA9-A611AADB7FFD}.Release|Any CPU.ActiveCfg = Release|Any CPU
		{4BF27D1B-98FC-4E95-ABA9-A611AADB7FFD}.Release|Any CPU.Build.0 = Release|Any CPU
	EndGlobalSection
	GlobalSection(SolutionProperties) = preSolution
		HideSolutionNode = FALSE
	EndGlobalSection
	GlobalSection(ExtensibilityGlobals) = postSolution
		SolutionGuid = {7FF2A322-20B7-49F6-B9DB-FA467A779D59}
	EndGlobalSection
EndGlobal
