
Microsoft Visual Studio Solution File, Format Version 12.00
# Visual Studio Version 17
VisualStudioVersion = 17.0.32014.148
MinimumVisualStudioVersion = 10.0.40219.1
Project("{FAE04EC0-301F-11D3-BF4B-00C04F79EFBC}") = "thread1lek", "thread1lek\thread1lek.csproj", "{8992E900-04E5-4CC5-8437-F5B75DDE7FB7}"
EndProject
Global
	GlobalSection(SolutionConfigurationPlatforms) = preSolution
		Debug|Any CPU = Debug|Any CPU
		Release|Any CPU = Release|Any CPU
	EndGlobalSection
	GlobalSection(ProjectConfigurationPlatforms) = postSolution
		{8992E900-04E5-4CC5-8437-F5B75DDE7FB7}.Debug|Any CPU.ActiveCfg = Debug|Any CPU
		{8992E900-04E5-4CC5-8437-F5B75DDE7FB7}.Debug|Any CPU.Build.0 = Debug|Any CPU
		{8992E900-04E5-4CC5-8437-F5B75DDE7FB7}.Release|Any CPU.ActiveCfg = Release|Any CPU
		{8992E900-04E5-4CC5-8437-F5B75DDE7FB7}.Release|Any CPU.Build.0 = Release|Any CPU
	EndGlobalSection
	GlobalSection(SolutionProperties) = preSolution
		HideSolutionNode = FALSE
	EndGlobalSection
	GlobalSection(ExtensibilityGlobals) = postSolution
		SolutionGuid = {AB86A539-6D60-44C0-95EE-C3BE756B0D2F}
	EndGlobalSection
EndGlobal
