
Microsoft Visual Studio Solution File, Format Version 12.00
# Visual Studio Version 17
VisualStudioVersion = 17.0.32014.148
MinimumVisualStudioVersion = 10.0.40219.1
Project("{FAE04EC0-301F-11D3-BF4B-00C04F79EFBC}") = "func_lab11", "func_lab11\func_lab11.csproj", "{2EC1436A-FFD2-4E81-B23E-4ECB5120E9A8}"
EndProject
Global
	GlobalSection(SolutionConfigurationPlatforms) = preSolution
		Debug|Any CPU = Debug|Any CPU
		Release|Any CPU = Release|Any CPU
	EndGlobalSection
	GlobalSection(ProjectConfigurationPlatforms) = postSolution
		{2EC1436A-FFD2-4E81-B23E-4ECB5120E9A8}.Debug|Any CPU.ActiveCfg = Debug|Any CPU
		{2EC1436A-FFD2-4E81-B23E-4ECB5120E9A8}.Debug|Any CPU.Build.0 = Debug|Any CPU
		{2EC1436A-FFD2-4E81-B23E-4ECB5120E9A8}.Release|Any CPU.ActiveCfg = Release|Any CPU
		{2EC1436A-FFD2-4E81-B23E-4ECB5120E9A8}.Release|Any CPU.Build.0 = Release|Any CPU
	EndGlobalSection
	GlobalSection(SolutionProperties) = preSolution
		HideSolutionNode = FALSE
	EndGlobalSection
	GlobalSection(ExtensibilityGlobals) = postSolution
		SolutionGuid = {B52B0F50-90CA-4F80-A95F-CFB0D30D8CBE}
	EndGlobalSection
EndGlobal
