
Microsoft Visual Studio Solution File, Format Version 12.00
# Visual Studio Version 17
VisualStudioVersion = 17.0.32014.148
MinimumVisualStudioVersion = 10.0.40219.1
Project("{FAE04EC0-301F-11D3-BF4B-00C04F79EFBC}") = "lab14", "lab14\lab14.csproj", "{AF960AD2-F788-47D7-B00A-7CCE424DB121}"
EndProject
Global
	GlobalSection(SolutionConfigurationPlatforms) = preSolution
		Debug|Any CPU = Debug|Any CPU
		Release|Any CPU = Release|Any CPU
	EndGlobalSection
	GlobalSection(ProjectConfigurationPlatforms) = postSolution
		{AF960AD2-F788-47D7-B00A-7CCE424DB121}.Debug|Any CPU.ActiveCfg = Debug|Any CPU
		{AF960AD2-F788-47D7-B00A-7CCE424DB121}.Debug|Any CPU.Build.0 = Debug|Any CPU
		{AF960AD2-F788-47D7-B00A-7CCE424DB121}.Release|Any CPU.ActiveCfg = Release|Any CPU
		{AF960AD2-F788-47D7-B00A-7CCE424DB121}.Release|Any CPU.Build.0 = Release|Any CPU
	EndGlobalSection
	GlobalSection(SolutionProperties) = preSolution
		HideSolutionNode = FALSE
	EndGlobalSection
	GlobalSection(ExtensibilityGlobals) = postSolution
		SolutionGuid = {F724F512-964C-4DCC-9B31-71CE00D66A83}
	EndGlobalSection
EndGlobal
