
Microsoft Visual Studio Solution File, Format Version 12.00
# Visual Studio Version 17
VisualStudioVersion = 17.0.32014.148
MinimumVisualStudioVersion = 10.0.40219.1
Project("{FAE04EC0-301F-11D3-BF4B-00C04F79EFBC}") = "threadlab5", "threadlab5\threadlab5.csproj", "{03D338F0-304D-42B9-BD50-EF8AFBE7E1BC}"
EndProject
Global
	GlobalSection(SolutionConfigurationPlatforms) = preSolution
		Debug|Any CPU = Debug|Any CPU
		Release|Any CPU = Release|Any CPU
	EndGlobalSection
	GlobalSection(ProjectConfigurationPlatforms) = postSolution
		{03D338F0-304D-42B9-BD50-EF8AFBE7E1BC}.Debug|Any CPU.ActiveCfg = Debug|Any CPU
		{03D338F0-304D-42B9-BD50-EF8AFBE7E1BC}.Debug|Any CPU.Build.0 = Debug|Any CPU
		{03D338F0-304D-42B9-BD50-EF8AFBE7E1BC}.Release|Any CPU.ActiveCfg = Release|Any CPU
		{03D338F0-304D-42B9-BD50-EF8AFBE7E1BC}.Release|Any CPU.Build.0 = Release|Any CPU
	EndGlobalSection
	GlobalSection(SolutionProperties) = preSolution
		HideSolutionNode = FALSE
	EndGlobalSection
	GlobalSection(ExtensibilityGlobals) = postSolution
		SolutionGuid = {D65C7DE2-BBE7-45D5-82BB-CA8B6B2DB710}
	EndGlobalSection
EndGlobal
