
Microsoft Visual Studio Solution File, Format Version 12.00
# Visual Studio Version 17
VisualStudioVersion = 17.0.32014.148
MinimumVisualStudioVersion = 10.0.40219.1
Project("{FAE04EC0-301F-11D3-BF4B-00C04F79EFBC}") = "lab7_parallel_prog", "lab7_parallel_prog\lab7_parallel_prog.csproj", "{D3239B41-48FD-4EB3-9142-B8DBC67601B2}"
EndProject
Global
	GlobalSection(SolutionConfigurationPlatforms) = preSolution
		Debug|Any CPU = Debug|Any CPU
		Release|Any CPU = Release|Any CPU
	EndGlobalSection
	GlobalSection(ProjectConfigurationPlatforms) = postSolution
		{D3239B41-48FD-4EB3-9142-B8DBC67601B2}.Debug|Any CPU.ActiveCfg = Debug|Any CPU
		{D3239B41-48FD-4EB3-9142-B8DBC67601B2}.Debug|Any CPU.Build.0 = Debug|Any CPU
		{D3239B41-48FD-4EB3-9142-B8DBC67601B2}.Release|Any CPU.ActiveCfg = Release|Any CPU
		{D3239B41-48FD-4EB3-9142-B8DBC67601B2}.Release|Any CPU.Build.0 = Release|Any CPU
	EndGlobalSection
	GlobalSection(SolutionProperties) = preSolution
		HideSolutionNode = FALSE
	EndGlobalSection
	GlobalSection(ExtensibilityGlobals) = postSolution
		SolutionGuid = {1D67A1C5-71D2-4607-9304-04F52EC8833A}
	EndGlobalSection
EndGlobal
