
Microsoft Visual Studio Solution File, Format Version 12.00
# Visual Studio Version 17
VisualStudioVersion = 17.0.32014.148
MinimumVisualStudioVersion = 10.0.40219.1
Project("{FAE04EC0-301F-11D3-BF4B-00C04F79EFBC}") = "srs1_parallelProg", "srs1_parallelProg\srs1_parallelProg.csproj", "{6481559F-2836-4A24-AA82-5A6E9F39AD4E}"
EndProject
Global
	GlobalSection(SolutionConfigurationPlatforms) = preSolution
		Debug|Any CPU = Debug|Any CPU
		Release|Any CPU = Release|Any CPU
	EndGlobalSection
	GlobalSection(ProjectConfigurationPlatforms) = postSolution
		{6481559F-2836-4A24-AA82-5A6E9F39AD4E}.Debug|Any CPU.ActiveCfg = Debug|Any CPU
		{6481559F-2836-4A24-AA82-5A6E9F39AD4E}.Debug|Any CPU.Build.0 = Debug|Any CPU
		{6481559F-2836-4A24-AA82-5A6E9F39AD4E}.Release|Any CPU.ActiveCfg = Release|Any CPU
		{6481559F-2836-4A24-AA82-5A6E9F39AD4E}.Release|Any CPU.Build.0 = Release|Any CPU
	EndGlobalSection
	GlobalSection(SolutionProperties) = preSolution
		HideSolutionNode = FALSE
	EndGlobalSection
	GlobalSection(ExtensibilityGlobals) = postSolution
		SolutionGuid = {0B09CCAF-86BD-4EEC-AED9-9817B440CB40}
	EndGlobalSection
EndGlobal
