
Microsoft Visual Studio Solution File, Format Version 12.00
# Visual Studio Version 17
VisualStudioVersion = 17.0.32014.148
MinimumVisualStudioVersion = 10.0.40219.1
Project("{FAE04EC0-301F-11D3-BF4B-00C04F79EFBC}") = "func9lab(ex)", "func9lab(ex)\func9lab(ex).csproj", "{E055FAFE-BE0B-4445-BDC9-8EA0B65FF5F1}"
EndProject
Global
	GlobalSection(SolutionConfigurationPlatforms) = preSolution
		Debug|Any CPU = Debug|Any CPU
		Release|Any CPU = Release|Any CPU
	EndGlobalSection
	GlobalSection(ProjectConfigurationPlatforms) = postSolution
		{E055FAFE-BE0B-4445-BDC9-8EA0B65FF5F1}.Debug|Any CPU.ActiveCfg = Debug|Any CPU
		{E055FAFE-BE0B-4445-BDC9-8EA0B65FF5F1}.Debug|Any CPU.Build.0 = Debug|Any CPU
		{E055FAFE-BE0B-4445-BDC9-8EA0B65FF5F1}.Release|Any CPU.ActiveCfg = Release|Any CPU
		{E055FAFE-BE0B-4445-BDC9-8EA0B65FF5F1}.Release|Any CPU.Build.0 = Release|Any CPU
	EndGlobalSection
	GlobalSection(SolutionProperties) = preSolution
		HideSolutionNode = FALSE
	EndGlobalSection
	GlobalSection(ExtensibilityGlobals) = postSolution
		SolutionGuid = {DE439208-F91C-4B77-B2C5-AD54962CF21F}
	EndGlobalSection
EndGlobal
