
Microsoft Visual Studio Solution File, Format Version 12.00
# Visual Studio Version 17
VisualStudioVersion = 17.0.32014.148
MinimumVisualStudioVersion = 10.0.40219.1
Project("{FAE04EC0-301F-11D3-BF4B-00C04F79EFBC}") = "labka8", "labka8\labka8.csproj", "{C0B819F3-B466-45CF-B16C-B50B73E44EE7}"
EndProject
Global
	GlobalSection(SolutionConfigurationPlatforms) = preSolution
		Debug|Any CPU = Debug|Any CPU
		Release|Any CPU = Release|Any CPU
	EndGlobalSection
	GlobalSection(ProjectConfigurationPlatforms) = postSolution
		{C0B819F3-B466-45CF-B16C-B50B73E44EE7}.Debug|Any CPU.ActiveCfg = Debug|Any CPU
		{C0B819F3-B466-45CF-B16C-B50B73E44EE7}.Debug|Any CPU.Build.0 = Debug|Any CPU
		{C0B819F3-B466-45CF-B16C-B50B73E44EE7}.Release|Any CPU.ActiveCfg = Release|Any CPU
		{C0B819F3-B466-45CF-B16C-B50B73E44EE7}.Release|Any CPU.Build.0 = Release|Any CPU
	EndGlobalSection
	GlobalSection(SolutionProperties) = preSolution
		HideSolutionNode = FALSE
	EndGlobalSection
	GlobalSection(ExtensibilityGlobals) = postSolution
		SolutionGuid = {71456E17-57C8-4009-A1C4-8ED4DBC7FC9D}
	EndGlobalSection
EndGlobal
