
Microsoft Visual Studio Solution File, Format Version 12.00
# Visual Studio Version 17
VisualStudioVersion = 17.0.32014.148
MinimumVisualStudioVersion = 10.0.40219.1
Project("{FAE04EC0-301F-11D3-BF4B-00C04F79EFBC}") = "conc_5lab", "conc_5lab\conc_5lab.csproj", "{ADB34BE3-AD8F-4ABF-A781-292B2B10F5E3}"
EndProject
Global
	GlobalSection(SolutionConfigurationPlatforms) = preSolution
		Debug|Any CPU = Debug|Any CPU
		Release|Any CPU = Release|Any CPU
	EndGlobalSection
	GlobalSection(ProjectConfigurationPlatforms) = postSolution
		{ADB34BE3-AD8F-4ABF-A781-292B2B10F5E3}.Debug|Any CPU.ActiveCfg = Debug|Any CPU
		{ADB34BE3-AD8F-4ABF-A781-292B2B10F5E3}.Debug|Any CPU.Build.0 = Debug|Any CPU
		{ADB34BE3-AD8F-4ABF-A781-292B2B10F5E3}.Release|Any CPU.ActiveCfg = Release|Any CPU
		{ADB34BE3-AD8F-4ABF-A781-292B2B10F5E3}.Release|Any CPU.Build.0 = Release|Any CPU
	EndGlobalSection
	GlobalSection(SolutionProperties) = preSolution
		HideSolutionNode = FALSE
	EndGlobalSection
	GlobalSection(ExtensibilityGlobals) = postSolution
		SolutionGuid = {4B7D87FF-4790-4C98-BCE2-C9B011D21F23}
	EndGlobalSection
EndGlobal
