
Microsoft Visual Studio Solution File, Format Version 12.00
# Visual Studio Version 17
VisualStudioVersion = 17.0.32014.148
MinimumVisualStudioVersion = 10.0.40219.1
Project("{FAE04EC0-301F-11D3-BF4B-00C04F79EFBC}") = "react_lek3", "react_lek3\react_lek3.csproj", "{7825433C-93F8-4DF0-B632-7AD4429DB504}"
EndProject
Global
	GlobalSection(SolutionConfigurationPlatforms) = preSolution
		Debug|Any CPU = Debug|Any CPU
		Release|Any CPU = Release|Any CPU
	EndGlobalSection
	GlobalSection(ProjectConfigurationPlatforms) = postSolution
		{7825433C-93F8-4DF0-B632-7AD4429DB504}.Debug|Any CPU.ActiveCfg = Debug|Any CPU
		{7825433C-93F8-4DF0-B632-7AD4429DB504}.Debug|Any CPU.Build.0 = Debug|Any CPU
		{7825433C-93F8-4DF0-B632-7AD4429DB504}.Release|Any CPU.ActiveCfg = Release|Any CPU
		{7825433C-93F8-4DF0-B632-7AD4429DB504}.Release|Any CPU.Build.0 = Release|Any CPU
	EndGlobalSection
	GlobalSection(SolutionProperties) = preSolution
		HideSolutionNode = FALSE
	EndGlobalSection
	GlobalSection(ExtensibilityGlobals) = postSolution
		SolutionGuid = {19046011-DE8A-4E6D-9256-1BB9D12BD3AF}
	EndGlobalSection
EndGlobal
