
Microsoft Visual Studio Solution File, Format Version 12.00
# Visual Studio Version 17
VisualStudioVersion = 17.0.32014.148
MinimumVisualStudioVersion = 10.0.40219.1
Project("{FAE04EC0-301F-11D3-BF4B-00C04F79EFBC}") = "lab8exp", "lab8exp\lab8exp.csproj", "{3FD564E8-C085-49CD-B5B6-712F9AD1A0D4}"
EndProject
Global
	GlobalSection(SolutionConfigurationPlatforms) = preSolution
		Debug|Any CPU = Debug|Any CPU
		Release|Any CPU = Release|Any CPU
	EndGlobalSection
	GlobalSection(ProjectConfigurationPlatforms) = postSolution
		{3FD564E8-C085-49CD-B5B6-712F9AD1A0D4}.Debug|Any CPU.ActiveCfg = Debug|Any CPU
		{3FD564E8-C085-49CD-B5B6-712F9AD1A0D4}.Debug|Any CPU.Build.0 = Debug|Any CPU
		{3FD564E8-C085-49CD-B5B6-712F9AD1A0D4}.Release|Any CPU.ActiveCfg = Release|Any CPU
		{3FD564E8-C085-49CD-B5B6-712F9AD1A0D4}.Release|Any CPU.Build.0 = Release|Any CPU
	EndGlobalSection
	GlobalSection(SolutionProperties) = preSolution
		HideSolutionNode = FALSE
	EndGlobalSection
	GlobalSection(ExtensibilityGlobals) = postSolution
		SolutionGuid = {7AEC168E-4286-4E1D-92C8-DF462B139765}
	EndGlobalSection
EndGlobal
