
Microsoft Visual Studio Solution File, Format Version 12.00
# Visual Studio Version 17
VisualStudioVersion = 17.0.32014.148
MinimumVisualStudioVersion = 10.0.40219.1
Project("{FAE04EC0-301F-11D3-BF4B-00C04F79EFBC}") = "lab13_12", "lab13_12\lab13_12.csproj", "{9DBDFF3C-AEBA-4A96-879A-225D329FDA52}"
EndProject
Global
	GlobalSection(SolutionConfigurationPlatforms) = preSolution
		Debug|Any CPU = Debug|Any CPU
		Release|Any CPU = Release|Any CPU
	EndGlobalSection
	GlobalSection(ProjectConfigurationPlatforms) = postSolution
		{9DBDFF3C-AEBA-4A96-879A-225D329FDA52}.Debug|Any CPU.ActiveCfg = Debug|Any CPU
		{9DBDFF3C-AEBA-4A96-879A-225D329FDA52}.Debug|Any CPU.Build.0 = Debug|Any CPU
		{9DBDFF3C-AEBA-4A96-879A-225D329FDA52}.Release|Any CPU.ActiveCfg = Release|Any CPU
		{9DBDFF3C-AEBA-4A96-879A-225D329FDA52}.Release|Any CPU.Build.0 = Release|Any CPU
	EndGlobalSection
	GlobalSection(SolutionProperties) = preSolution
		HideSolutionNode = FALSE
	EndGlobalSection
	GlobalSection(ExtensibilityGlobals) = postSolution
		SolutionGuid = {3358F295-07BE-4087-B943-8601935CC9C2}
	EndGlobalSection
EndGlobal
